
Microsoft Visual Studio Solution File, Format Version 12.00
# Visual Studio Version 16
VisualStudioVersion = 16.0.30406.217
MinimumVisualStudioVersion = 15.0.26124.0
Project("{2150E333-8FDC-42A3-9474-1A3956D46DE8}") = "src", "src", "{F8A4F77A-8A0D-4E8E-9FD8-773E526C4004}"
EndProject
Project("{9A19103F-16F7-4668-BE54-9A1E7A4F7556}") = "ConsoleApp.Example", "src\ConsoleApp.Example\ConsoleApp.Example.csproj", "{CC40F879-4A4B-45E0-AE2D-CB1E6581E78D}"
	ProjectSection(ProjectDependencies) = postProject
		{8FF08457-E8C6-4D57-A879-3BC12DAACD6C} = {8FF08457-E8C6-4D57-A879-3BC12DAACD6C}
	EndProjectSection
EndProject
Project("{2150E333-8FDC-42A3-9474-1A3956D46DE8}") = "plugins", "plugins", "{A386E298-8275-416D-8D5C-F27E5D48301D}"
EndProject
Project("{9A19103F-16F7-4668-BE54-9A1E7A4F7556}") = "TestPluginA", "plugins\TestPluginA\TestPluginA.csproj", "{8FF08457-E8C6-4D57-A879-3BC12DAACD6C}"
EndProject
Global
	GlobalSection(SolutionConfigurationPlatforms) = preSolution
		Debug|Any CPU = Debug|Any CPU
		Release|Any CPU = Release|Any CPU
	EndGlobalSection
	GlobalSection(ProjectConfigurationPlatforms) = postSolution
		{CC40F879-4A4B-45E0-AE2D-CB1E6581E78D}.Debug|Any CPU.ActiveCfg = Debug|Any CPU
		{CC40F879-4A4B-45E0-AE2D-CB1E6581E78D}.Debug|Any CPU.Build.0 = Debug|Any CPU
		{CC40F879-4A4B-45E0-AE2D-CB1E6581E78D}.Release|Any CPU.ActiveCfg = Release|Any CPU
		{CC40F879-4A4B-45E0-AE2D-CB1E6581E78D}.Release|Any CPU.Build.0 = Release|Any CPU
		{8FF08457-E8C6-4D57-A879-3BC12DAACD6C}.Debug|Any CPU.ActiveCfg = Debug|Any CPU
		{8FF08457-E8C6-4D57-A879-3BC12DAACD6C}.Debug|Any CPU.Build.0 = Debug|Any CPU
		{8FF08457-E8C6-4D57-A879-3BC12DAACD6C}.Release|Any CPU.ActiveCfg = Release|Any CPU
		{8FF08457-E8C6-4D57-A879-3BC12DAACD6C}.Release|Any CPU.Build.0 = Release|Any CPU
	EndGlobalSection
	GlobalSection(SolutionProperties) = preSolution
		HideSolutionNode = FALSE
	EndGlobalSection
	GlobalSection(NestedProjects) = preSolution
		{CC40F879-4A4B-45E0-AE2D-CB1E6581E78D} = {F8A4F77A-8A0D-4E8E-9FD8-773E526C4004}
		{8FF08457-E8C6-4D57-A879-3BC12DAACD6C} = {A386E298-8275-416D-8D5C-F27E5D48301D}
	EndGlobalSection
	GlobalSection(ExtensibilityGlobals) = postSolution
		SolutionGuid = {9907E9A1-4E3A-46FC-B4B5-847B8921FCC4}
	EndGlobalSection
EndGlobal
